Microsoft Visual Studio Solution File, Format Version 12.00
# Visual Studio Version 17
VisualStudioVersion = 17.5.2.0
MinimumVisualStudioVersion = 10.0.40219.1
Project("{FAE04EC0-301F-11D3-BF4B-00C04F79EFBC}") = "0-SCore", "0-SCore\0-SCore.csproj", "{9B2D458F-8209-74AB-C817-ECFADDF6F9FA}"
EndProject
Project("{FAE04EC0-301F-11D3-BF4B-00C04F79EFBC}") = "Blooms Family Farming", "1-Blooms.Family.Farming-1.0.1.923\Blooms Family Farming.csproj", "{7B73B166-31D9-BDFF-F962-1D3F4946D0D9}"
EndProject
Global
	GlobalSection(SolutionConfigurationPlatforms) = preSolution
		Debug|Any CPU = Debug|Any CPU
		Release|Any CPU = Release|Any CPU
	EndGlobalSection
	GlobalSection(ProjectConfigurationPlatforms) = postSolution
		{9B2D458F-8209-74AB-C817-ECFADDF6F9FA}.Debug|Any CPU.ActiveCfg = Debug|Any CPU
		{9B2D458F-8209-74AB-C817-ECFADDF6F9FA}.Debug|Any CPU.Build.0 = Debug|Any CPU
		{9B2D458F-8209-74AB-C817-ECFADDF6F9FA}.Release|Any CPU.ActiveCfg = Release|Any CPU
		{9B2D458F-8209-74AB-C817-ECFADDF6F9FA}.Release|Any CPU.Build.0 = Release|Any CPU
		{7B73B166-31D9-BDFF-F962-1D3F4946D0D9}.Debug|Any CPU.ActiveCfg = Debug|Any CPU
		{7B73B166-31D9-BDFF-F962-1D3F4946D0D9}.Debug|Any CPU.Build.0 = Debug|Any CPU
		{7B73B166-31D9-BDFF-F962-1D3F4946D0D9}.Release|Any CPU.ActiveCfg = Release|Any CPU
		{7B73B166-31D9-BDFF-F962-1D3F4946D0D9}.Release|Any CPU.Build.0 = Release|Any CPU
	EndGlobalSection
	GlobalSection(SolutionProperties) = preSolution
		HideSolutionNode = FALSE
	EndGlobalSection
	GlobalSection(ExtensibilityGlobals) = postSolution
		SolutionGuid = {BB174C77-43C4-4802-9937-34BBA233E894}
	EndGlobalSection
EndGlobal
